
Microsoft Visual Studio Solution File, Format Version 12.00
# Visual Studio 2012
Project("{FAE04EC0-301F-11D3-BF4B-00C04F79EFBC}") = "EasyNetQTest.Shared", "EasyNetQ.Shared\EasyNetQTest.Shared.csproj", "{F9494557-C097-4E41-B6BE-5366BD35B348}"
EndProject
Project("{FAE04EC0-301F-11D3-BF4B-00C04F79EFBC}") = "EasyNetQTest.Publisher", "EasyNetQ.Publisher\EasyNetQTest.Publisher.csproj", "{217E6215-C694-4088-86B2-3095C962F092}"
EndProject
Project("{FAE04EC0-301F-11D3-BF4B-00C04F79EFBC}") = "EasyNetQTest.Subscriber", "EasyNetQ.Subscriber\EasyNetQTest.Subscriber.csproj", "{A256B91B-FF0F-4A1D-BED2-0440918E3A13}"
EndProject
Project("{2150E333-8FDC-42A3-9474-1A3956D46DE8}") = ".nuget", ".nuget", "{734BB9DB-21BE-4C75-B4E6-CEAB39F23C32}"
	ProjectSection(SolutionItems) = preProject
		.nuget\NuGet.Config = .nuget\NuGet.Config
		.nuget\NuGet.exe = .nuget\NuGet.exe
		.nuget\NuGet.targets = .nuget\NuGet.targets
	EndProjectSection
EndProject
Project("{FAE04EC0-301F-11D3-BF4B-00C04F79EFBC}") = "EasyNetQTest.Service.Subscriber", "EasyNetQ.Service.Subscriber\EasyNetQTest.Service.Subscriber.csproj", "{8288834A-ACE7-43FF-8607-E8E6BD8DC1CA}"
EndProject
Global
	GlobalSection(SolutionConfigurationPlatforms) = preSolution
		Debug|Any CPU = Debug|Any CPU
		Release|Any CPU = Release|Any CPU
	EndGlobalSection
	GlobalSection(ProjectConfigurationPlatforms) = postSolution
		{F9494557-C097-4E41-B6BE-5366BD35B348}.Debug|Any CPU.ActiveCfg = Debug|Any CPU
		{F9494557-C097-4E41-B6BE-5366BD35B348}.Debug|Any CPU.Build.0 = Debug|Any CPU
		{F9494557-C097-4E41-B6BE-5366BD35B348}.Release|Any CPU.ActiveCfg = Release|Any CPU
		{F9494557-C097-4E41-B6BE-5366BD35B348}.Release|Any CPU.Build.0 = Release|Any CPU
		{217E6215-C694-4088-86B2-3095C962F092}.Debug|Any CPU.ActiveCfg = Debug|Any CPU
		{217E6215-C694-4088-86B2-3095C962F092}.Debug|Any CPU.Build.0 = Debug|Any CPU
		{217E6215-C694-4088-86B2-3095C962F092}.Release|Any CPU.ActiveCfg = Release|Any CPU
		{217E6215-C694-4088-86B2-3095C962F092}.Release|Any CPU.Build.0 = Release|Any CPU
		{A256B91B-FF0F-4A1D-BED2-0440918E3A13}.Debug|Any CPU.ActiveCfg = Debug|Any CPU
		{A256B91B-FF0F-4A1D-BED2-0440918E3A13}.Debug|Any CPU.Build.0 = Debug|Any CPU
		{A256B91B-FF0F-4A1D-BED2-0440918E3A13}.Release|Any CPU.ActiveCfg = Release|Any CPU
		{A256B91B-FF0F-4A1D-BED2-0440918E3A13}.Release|Any CPU.Build.0 = Release|Any CPU
		{8288834A-ACE7-43FF-8607-E8E6BD8DC1CA}.Debug|Any CPU.ActiveCfg = Debug|Any CPU
		{8288834A-ACE7-43FF-8607-E8E6BD8DC1CA}.Debug|Any CPU.Build.0 = Debug|Any CPU
		{8288834A-ACE7-43FF-8607-E8E6BD8DC1CA}.Release|Any CPU.ActiveCfg = Release|Any CPU
		{8288834A-ACE7-43FF-8607-E8E6BD8DC1CA}.Release|Any CPU.Build.0 = Release|Any CPU
	EndGlobalSection
	GlobalSection(SolutionProperties) = preSolution
		HideSolutionNode = FALSE
	EndGlobalSection
EndGlobal
